// !$*UTF8*$!
{
	archiveVersion = 1;
	classes = {
	};
	objectVersion = 46;
	objects = {

/* Begin PBXBuildFile section */
		06AC5FCA1AF3421C0092EFD0 /* main.cpp in Sources */ = {isa = PBXBuildFile; fileRef = 06AC5FC91AF3421C0092EFD0 /* main.cpp */; };
		23CEEF2F1AF437A700770C3C /* Grade.cpp in Sources */ = {isa = PBXBuildFile; fileRef = 23CEEF2D1AF437A700770C3C /* Grade.cpp */; };
		23CEEF321AF44B5800770C3C /* Assignments.cpp in Sources */ = {isa = PBXBuildFile; fileRef = 23CEEF301AF44B5800770C3C /* Assignments.cpp */; };
		23CEEF351AF44B6400770C3C /* Quiz.cpp in Sources */ = {isa = PBXBuildFile; fileRef = 23CEEF331AF44B6400770C3C /* Quiz.cpp */; };
/* End PBXBuildFile section */

/* Begin PBXCopyFilesBuildPhase section */
		06AC5FC41AF3421C0092EFD0 /* CopyFiles */ = {
			isa = PBXCopyFilesBuildPhase;
			buildActionMask = 2147483647;
			dstPath = /usr/share/man/man1/;
			dstSubfolderSpec = 0;
			files = (
			);
			runOnlyForDeploymentPostprocessing = 1;
		};
/* End PBXCopyFilesBuildPhase section */

/* Begin PBXFileReference section */
		06AC5FC61AF3421C0092EFD0 /* Grade_Calc */ = {isa = PBXFileReference; explicitFileType = "compiled.mach-o.executable"; includeInIndex = 0; path = Grade_Calc; sourceTree = BUILT_PRODUCTS_DIR; };
		06AC5FC91AF3421C0092EFD0 /* main.cpp */ = {isa = PBXFileReference; lastKnownFileType = sourcecode.cpp.cpp; path = main.cpp; sourceTree = "<group>"; };
		23CEEF2D1AF437A700770C3C /* Grade.cpp */ = {isa = PBXFileReference; fileEncoding = 4; lastKnownFileType = sourcecode.cpp.cpp; path = Grade.cpp; sourceTree = "<group>"; };
		23CEEF2E1AF437A700770C3C /* Grade.h */ = {isa = PBXFileReference; fileEncoding = 4; lastKnownFileType = sourcecode.c.h; path = Grade.h; sourceTree = "<group>"; };
		23CEEF301AF44B5800770C3C /* Assignments.cpp */ = {isa = PBXFileReference; fileEncoding = 4; lastKnownFileType = sourcecode.cpp.cpp; path = Assignments.cpp; sourceTree = "<group>"; };
		23CEEF311AF44B5800770C3C /* Assignments.h */ = {isa = PBXFileReference; fileEncoding = 4; lastKnownFileType = sourcecode.c.h; path = Assignments.h; sourceTree = "<group>"; };
		23CEEF331AF44B6400770C3C /* Quiz.cpp */ = {isa = PBXFileReference; fileEncoding = 4; lastKnownFileType = sourcecode.cpp.cpp; path = Quiz.cpp; sourceTree = "<group>"; };
		23CEEF341AF44B6400770C3C /* Quiz.h */ = {isa = PBXFileReference; fileEncoding = 4; lastKnownFileType = sourcecode.c.h; path = Quiz.h; sourceTree = "<group>"; };
/* End PBXFileReference section */

/* Begin PBXFrameworksBuildPhase section */
		06AC5FC31AF3421C0092EFD0 /* Frameworks */ = {
			isa = PBXFrameworksBuildPhase;
			buildActionMask = 2147483647;
			files = (
			);
			runOnlyForDeploymentPostprocessing = 0;
		};
/* End PBXFrameworksBuildPhase section */

/* Begin PBXGroup section */
		06AC5FBD1AF3421C0092EFD0 = {
			isa = PBXGroup;
			children = (
				06AC5FC81AF3421C0092EFD0 /* Grade_Calc */,
				06AC5FC71AF3421C0092EFD0 /* Products */,
			);
			sourceTree = "<group>";
		};
		06AC5FC71AF3421C0092EFD0 /* Products */ = {
			isa = PBXGroup;
			children = (
				06AC5FC61AF3421C0092EFD0 /* Grade_Calc */,
			);
			name = Products;
			sourceTree = "<group>";
		};
		06AC5FC81AF3421C0092EFD0 /* Grade_Calc */ = {
			isa = PBXGroup;
			children = (
				06AC5FC91AF3421C0092EFD0 /* main.cpp */,
				23CEEF301AF44B5800770C3C /* Assignments.cpp */,
				23CEEF311AF44B5800770C3C /* Assignments.h */,
				23CEEF331AF44B6400770C3C /* Quiz.cpp */,
				23CEEF341AF44B6400770C3C /* Quiz.h */,
				23CEEF2D1AF437A700770C3C /* Grade.cpp */,
				23CEEF2E1AF437A700770C3C /* Grade.h */,
			);
			path = Grade_Calc;
			sourceTree = "<group>";
		};
/* End PBXGroup section */

/* Begin PBXNativeTarget section */
		06AC5FC51AF3421C0092EFD0 /* Grade_Calc */ = {
			isa = PBXNativeTarget;
			buildConfigurationList = 06AC5FCD1AF3421C0092EFD0 /* Build configuration list for PBXNativeTarget "Grade_Calc" */;
			buildPhases = (
				06AC5FC21AF3421C0092EFD0 /* Sources */,
				06AC5FC31AF3421C0092EFD0 /* Frameworks */,
				06AC5FC41AF3421C0092EFD0 /* CopyFiles */,
			);
			buildRules = (
			);
			dependencies = (
			);
			name = Grade_Calc;
			productName = Grade_Calc;
			productReference = 06AC5FC61AF3421C0092EFD0 /* Grade_Calc */;
			productType = "com.apple.product-type.tool";
		};
/* End PBXNativeTarget section */

/* Begin PBXProject section */
		06AC5FBE1AF3421C0092EFD0 /* Project object */ = {
			isa = PBXProject;
			attributes = {
				LastUpgradeCheck = 0610;
				ORGANIZATIONNAME = "Ryan Mulherin";
				TargetAttributes = {
					06AC5FC51AF3421C0092EFD0 = {
						CreatedOnToolsVersion = 6.1.1;
					};
				};
			};
			buildConfigurationList = 06AC5FC11AF3421C0092EFD0 /* Build configuration list for PBXProject "Grade_Calc" */;
			compatibilityVersion = "Xcode 3.2";
			developmentRegion = English;
			hasScannedForEncodings = 0;
			knownRegions = (
				en,
			);
			mainGroup = 06AC5FBD1AF3421C0092EFD0;
			productRefGroup = 06AC5FC71AF3421C0092EFD0 /* Products */;
			projectDirPath = "";
			projectRoot = "";
			targets = (
				06AC5FC51AF3421C0092EFD0 /* Grade_Calc */,
			);
		};
/* End PBXProject section */

/* Begin PBXSourcesBuildPhase section */
		06AC5FC21AF3421C0092EFD0 /* Sources */ = {
			isa = PBXSourcesBuildPhase;
			buildActionMask = 2147483647;
			files = (
				23CEEF321AF44B5800770C3C /* Assignments.cpp in Sources */,
				06AC5FCA1AF3421C0092EFD0 /* main.cpp in Sources */,
				23CEEF2F1AF437A700770C3C /* Grade.cpp in Sources */,
				23CEEF351AF44B6400770C3C /* Quiz.cpp in Sources */,
			);
			runOnlyForDeploymentPostprocessing = 0;
		};
/* End PBXSourcesBuildPhase section */

/* Begin XCBuildConfiguration section */
		06AC5FCB1AF3421C0092EFD0 /* Debug */ = {
			isa = XCBuildConfiguration;
			buildSettings = {
				ALWAYS_SEARCH_USER_PATHS = NO;
				CLANG_CXX_LANGUAGE_STANDARD = "gnu++0x";
				CLANG_CXX_LIBRARY = "libc++";
				CLANG_ENABLE_MODULES = YES;
				CLANG_ENABLE_OBJC_ARC = YES;
				CLANG_WARN_BOOL_CONVERSION = YES;
				CLANG_WARN_CONSTANT_CONVERSION = YES;
				CLANG_WARN_DIRECT_OBJC_ISA_USAGE = YES_ERROR;
				CLANG_WARN_EMPTY_BODY = YES;
				CLANG_WARN_ENUM_CONVERSION = YES;
				CLANG_WARN_INT_CONVERSION = YES;
				CLANG_WARN_OBJC_ROOT_CLASS = YES_ERROR;
				CLANG_WARN_UNREACHABLE_CODE = YES;
				CLANG_WARN__DUPLICATE_METHOD_MATCH = YES;
				COPY_PHASE_STRIP = NO;
				ENABLE_STRICT_OBJC_MSGSEND = YES;
				GCC_C_LANGUAGE_STANDARD = gnu99;
				GCC_DYNAMIC_NO_PIC = NO;
				GCC_OPTIMIZATION_LEVEL = 0;
				GCC_PREPROCESSOR_DEFINITIONS = (
					"DEBUG=1",
					"$(inherited)",
				);
				GCC_SYMBOLS_PRIVATE_EXTERN = NO;
				GCC_WARN_64_TO_32_BIT_CONVERSION = YES;
				GCC_WARN_ABOUT_RETURN_TYPE = YES_ERROR;
				GCC_WARN_UNDECLARED_SELECTOR = YES;
				GCC_WARN_UNINITIALIZED_AUTOS = YES_AGGRESSIVE;
				GCC_WARN_UNUSED_FUNCTION = YES;
				GCC_WARN_UNUSED_VARIABLE = YES;
				MACOSX_DEPLOYMENT_TARGET = 10.9;
				MTL_ENABLE_DEBUG_INFO = YES;
				ONLY_ACTIVE_ARCH = YES;
				SDKROOT = macosx;
			};
			name = Debug;
		};
		06AC5FCC1AF3421C0092EFD0 /* Release */ = {
			isa = XCBuildConfiguration;
			buildSettings = {
				ALWAYS_SEARCH_USER_PATHS = NO;
				CLANG_CXX_LANGUAGE_STANDARD = "gnu++0x";
				CLANG_CXX_LIBRARY = "libc++";
				CLANG_ENABLE_MODULES = YES;
				CLANG_ENABLE_OBJC_ARC = YES;
				CLANG_WARN_BOOL_CONVERSION = YES;
				CLANG_WARN_CONSTANT_CONVERSION = YES;
				CLANG_WARN_DIRECT_OBJC_ISA_USAGE = YES_ERROR;
				CLANG_WARN_EMPTY_BODY = YES;
				CLANG_WARN_ENUM_CONVERSION = YES;
				CLANG_WARN_INT_CONVERSION = YES;
				CLANG_WARN_OBJC_ROOT_CLASS = YES_ERROR;
				CLANG_WARN_UNREACHABLE_CODE = YES;
				CLANG_WARN__DUPLICATE_METHOD_MATCH = YES;
				COPY_PHASE_STRIP = YES;
				DEBUG_INFORMATION_FORMAT = "dwarf-with-dsym";
				ENABLE_NS_ASSERTIONS = NO;
				ENABLE_STRICT_OBJC_MSGSEND = YES;
				GCC_C_LANGUAGE_STANDARD = gnu99;
				GCC_WARN_64_TO_32_BIT_CONVERSION = YES;
				GCC_WARN_ABOUT_RETURN_TYPE = YES_ERROR;
				GCC_WARN_UNDECLARED_SELECTOR = YES;
				GCC_WARN_UNINITIALIZED_AUTOS = YES_AGGRESSIVE;
				GCC_WARN_UNUSED_FUNCTION = YES;
				GCC_WARN_UNUSED_VARIABLE = YES;
				MACOSX_DEPLOYMENT_TARGET = 10.9;
				MTL_ENABLE_DEBUG_INFO = NO;
				SDKROOT = macosx;
			};
			name = Release;
		};
		06AC5FCE1AF3421C0092EFD0 /* Debug */ = {
			isa = XCBuildConfiguration;
			buildSettings = {
				PRODUCT_NAME = "$(TARGET_NAME)";
			};
			name = Debug;
		};
		06AC5FCF1AF3421C0092EFD0 /* Release */ = {
			isa = XCBuildConfiguration;
			buildSettings = {
				PRODUCT_NAME = "$(TARGET_NAME)";
			};
			name = Release;
		};
/* End XCBuildConfiguration section */

/* Begin XCConfigurationList section */
		06AC5FC11AF3421C0092EFD0 /* Build configuration list for PBXProject "Grade_Calc" */ = {
			isa = XCConfigurationList;
			buildConfigurations = (
				06AC5FCB1AF3421C0092EFD0 /* Debug */,
				06AC5FCC1AF3421C0092EFD0 /* Release */,
			);
			defaultConfigurationIsVisible = 0;
			defaultConfigurationName = Release;
		};
		06AC5FCD1AF3421C0092EFD0 /* Build configuration list for PBXNativeTarget "Grade_Calc" */ = {
			isa = XCConfigurationList;
			buildConfigurations = (
				06AC5FCE1AF3421C0092EFD0 /* Debug */,
				06AC5FCF1AF3421C0092EFD0 /* Release */,
			);
			defaultConfigurationIsVisible = 0;
			defaultConfigurationName = Release;
		};
/* End XCConfigurationList section */
	};
	rootObject = 06AC5FBE1AF3421C0092EFD0 /* Project object */;
}
